
Microsoft Visual Studio Solution File, Format Version 11.00
# Visual Studio 2010
Project("{FAE04EC0-301F-11D3-BF4B-00C04F79EFBC}") = "Ink-Libraries", "Ink-Libraries.csproj", "{87be94cc-c23c-0069-e0b1-0c18ade9687a}"
EndProject
Project("{FAE04EC0-301F-11D3-BF4B-00C04F79EFBC}") = "Assembly-CSharp", "Assembly-CSharp.csproj", "{0d7ff7c8-9043-e4e3-4ed4-24e779f9d267}"
EndProject
Project("{FAE04EC0-301F-11D3-BF4B-00C04F79EFBC}") = "InkEditor", "InkEditor.csproj", "{7008b2f8-9bcf-41fb-907b-ba54b2286a24}"
EndProject
Global
	GlobalSection(SolutionConfigurationPlatforms) = preSolution
		Debug|Any CPU = Debug|Any CPU
	EndGlobalSection
	GlobalSection(ProjectConfigurationPlatforms) = postSolution
		{87be94cc-c23c-0069-e0b1-0c18ade9687a}.Debug|Any CPU.ActiveCfg = Debug|Any CPU
		{87be94cc-c23c-0069-e0b1-0c18ade9687a}.Debug|Any CPU.Build.0 = Debug|Any CPU
		{0d7ff7c8-9043-e4e3-4ed4-24e779f9d267}.Debug|Any CPU.ActiveCfg = Debug|Any CPU
		{0d7ff7c8-9043-e4e3-4ed4-24e779f9d267}.Debug|Any CPU.Build.0 = Debug|Any CPU
		{7008b2f8-9bcf-41fb-907b-ba54b2286a24}.Debug|Any CPU.ActiveCfg = Debug|Any CPU
		{7008b2f8-9bcf-41fb-907b-ba54b2286a24}.Debug|Any CPU.Build.0 = Debug|Any CPU
	EndGlobalSection
	GlobalSection(SolutionProperties) = preSolution
		HideSolutionNode = FALSE
	EndGlobalSection
EndGlobal
